
Microsoft Visual Studio Solution File, Format Version 12.00
Project("{FAE04EC0-301F-11D3-BF4B-00C04F79EFBC}") = "Gestionarea unui sistem de rezervari intr-o biblioteca", "Gestionarea unui sistem de rezervari intr-o biblioteca\Gestionarea unui sistem de rezervari intr-o biblioteca.csproj", "{D890B689-C3BB-47E7-A97C-544783D559E6}"
EndProject
Global
	GlobalSection(SolutionConfigurationPlatforms) = preSolution
		Debug|Any CPU = Debug|Any CPU
		Release|Any CPU = Release|Any CPU
	EndGlobalSection
	GlobalSection(ProjectConfigurationPlatforms) = postSolution
		{D890B689-C3BB-47E7-A97C-544783D559E6}.Debug|Any CPU.ActiveCfg = Debug|Any CPU
		{D890B689-C3BB-47E7-A97C-544783D559E6}.Debug|Any CPU.Build.0 = Debug|Any CPU
		{D890B689-C3BB-47E7-A97C-544783D559E6}.Release|Any CPU.ActiveCfg = Release|Any CPU
		{D890B689-C3BB-47E7-A97C-544783D559E6}.Release|Any CPU.Build.0 = Release|Any CPU
	EndGlobalSection
EndGlobal
